dependencies:
- name: postgresql
  repository: https://charts.bitnami.com/bitnami
  version: 15.2.2
- name: redis
  repository: https://charts.bitnami.com/bitnami
  version: 19.5.2
digest: sha256:694eec2da42176f1da8ca345b8816a2e12eb31ef03deca839551254166ac7301
generated: "2025-07-15T00:43:49.435702+08:00"
